
Microsoft Visual Studio Solution File, Format Version 12.00
# Visual Studio Version 17
VisualStudioVersion = 17.2.32616.157
MinimumVisualStudioVersion = 10.0.40219.1
Project("{9A19103F-16F7-4668-BE54-9A1E7A4F7556}") = "RandomWorkings.github.io", "RandomWorkings.github.io.csproj", "{4A6C37DE-219D-4E73-8311-AC71380C1093}"
EndProject
Global
	GlobalSection(SolutionConfigurationPlatforms) = preSolution
		Debug|Any CPU = Debug|Any CPU
		Release|Any CPU = Release|Any CPU
	EndGlobalSection
	GlobalSection(ProjectConfigurationPlatforms) = postSolution
		{4A6C37DE-219D-4E73-8311-AC71380C1093}.Debug|Any CPU.ActiveCfg = Debug|Any CPU
		{4A6C37DE-219D-4E73-8311-AC71380C1093}.Debug|Any CPU.Build.0 = Debug|Any CPU
		{4A6C37DE-219D-4E73-8311-AC71380C1093}.Release|Any CPU.ActiveCfg = Release|Any CPU
		{4A6C37DE-219D-4E73-8311-AC71380C1093}.Release|Any CPU.Build.0 = Release|Any CPU
	EndGlobalSection
	GlobalSection(SolutionProperties) = preSolution
		HideSolutionNode = FALSE
	EndGlobalSection
	GlobalSection(ExtensibilityGlobals) = postSolution
		SolutionGuid = {6DEA5B7C-ED61-4B55-B3F2-599FAAFF9D04}
	EndGlobalSection
EndGlobal
